
Microsoft Visual Studio Solution File, Format Version 12.00
# Visual Studio Version 16
VisualStudioVersion = 16.0.32126.315
MinimumVisualStudioVersion = 10.0.40219.1
Project("{FAE04EC0-301F-11D3-BF4B-00C04F79EFBC}") = "ConsoleApp8", "ConsoleApp8\ConsoleApp8.csproj", "{A5C78D94-93A0-4CB6-BB92-DF86F41EFFE1}"
EndProject
Global
	GlobalSection(SolutionConfigurationPlatforms) = preSolution
		Debug|Any CPU = Debug|Any CPU
		Release|Any CPU = Release|Any CPU
	EndGlobalSection
	GlobalSection(ProjectConfigurationPlatforms) = postSolution
		{A5C78D94-93A0-4CB6-BB92-DF86F41EFFE1}.Debug|Any CPU.ActiveCfg = Debug|Any CPU
		{A5C78D94-93A0-4CB6-BB92-DF86F41EFFE1}.Debug|Any CPU.Build.0 = Debug|Any CPU
		{A5C78D94-93A0-4CB6-BB92-DF86F41EFFE1}.Release|Any CPU.ActiveCfg = Release|Any CPU
		{A5C78D94-93A0-4CB6-BB92-DF86F41EFFE1}.Release|Any CPU.Build.0 = Release|Any CPU
	EndGlobalSection
	GlobalSection(SolutionProperties) = preSolution
		HideSolutionNode = FALSE
	EndGlobalSection
	GlobalSection(ExtensibilityGlobals) = postSolution
		SolutionGuid = {8F0B611A-049B-4BE4-B8F9-9F13C60267BA}
	EndGlobalSection
EndGlobal
